// !$*UTF8*$!
{
	archiveVersion = 1;
	classes = {
	};
	objectVersion = 56;
	objects = {

/* Begin PBXBuildFile section */
		1F352E122BD77B9200BAA88B /* AppDelegate.swift in Sources */ = {isa = PBXBuildFile; fileRef = 1F352E112BD77B9200BAA88B /* AppDelegate.swift */; };
		1F352E142BD77B9200BAA88B /* SceneDelegate.swift in Sources */ = {isa = PBXBuildFile; fileRef = 1F352E132BD77B9200BAA88B /* SceneDelegate.swift */; };
		1F352E162BD77B9200BAA88B /* ViewController.swift in Sources */ = {isa = PBXBuildFile; fileRef = 1F352E152BD77B9200BAA88B /* ViewController.swift */; };
		1F352E192BD77B9200BAA88B /* Base in Resources */ = {isa = PBXBuildFile; fileRef = 1F352E182BD77B9200BAA88B /* Base */; };
		1F352E1B2BD77B9300BAA88B /* Assets.xcassets in Resources */ = {isa = PBXBuildFile; fileRef = 1F352E1A2BD77B9300BAA88B /* Assets.xcassets */; };
		1F352E1E2BD77B9300BAA88B /* Base in Resources */ = {isa = PBXBuildFile; fileRef = 1F352E1D2BD77B9300BAA88B /* Base */; };
		1F352E292BD77B9300BAA88B /* ikidTests.swift in Sources */ = {isa = PBXBuildFile; fileRef = 1F352E282BD77B9300BAA88B /* ikidTests.swift */; };
		1F352E332BD77B9300BAA88B /* ikidUITests.swift in Sources */ = {isa = PBXBuildFile; fileRef = 1F352E322BD77B9300BAA88B /* ikidUITests.swift */; };
		1F352E352BD77B9300BAA88B /* ikidUITestsLaunchTests.swift in Sources */ = {isa = PBXBuildFile; fileRef = 1F352E342BD77B9300BAA88B /* ikidUITestsLaunchTests.swift */; };
/* End PBXBuildFile section */

/* Begin PBXContainerItemProxy section */
		1F352E252BD77B9300BAA88B /* PBXContainerItemProxy */ = {
			isa = PBXContainerItemProxy;
			containerPortal = 1F352E062BD77B9200BAA88B /* Project object */;
			proxyType = 1;
			remoteGlobalIDString = 1F352E0D2BD77B9200BAA88B;
			remoteInfo = ikid;
		};
		1F352E2F2BD77B9300BAA88B /* PBXContainerItemProxy */ = {
			isa = PBXContainerItemProxy;
			containerPortal = 1F352E062BD77B9200BAA88B /* Project object */;
			proxyType = 1;
			remoteGlobalIDString = 1F352E0D2BD77B9200BAA88B;
			remoteInfo = ikid;
		};
/* End PBXContainerItemProxy section */

/* Begin PBXFileReference section */
		1F352E0E2BD77B9200BAA88B /* ikid.app */ = {isa = PBXFileReference; explicitFileType = wrapper.application; includeInIndex = 0; path = ikid.app; sourceTree = BUILT_PRODUCTS_DIR; };
		1F352E112BD77B9200BAA88B /* AppDelegate.swift */ = {isa = PBXFileReference; lastKnownFileType = sourcecode.swift; path = AppDelegate.swift; sourceTree = "<group>"; };
		1F352E132BD77B9200BAA88B /* SceneDelegate.swift */ = {isa = PBXFileReference; lastKnownFileType = sourcecode.swift; path = SceneDelegate.swift; sourceTree = "<group>"; };
		1F352E152BD77B9200BAA88B /* ViewController.swift */ = {isa = PBXFileReference; lastKnownFileType = sourcecode.swift; path = ViewController.swift; sourceTree = "<group>"; };
		1F352E182BD77B9200BAA88B /* Base */ = {isa = PBXFileReference; lastKnownFileType = file.storyboard; name = Base; path = Base.lproj/Main.storyboard; sourceTree = "<group>"; };
		1F352E1A2BD77B9300BAA88B /* Assets.xcassets */ = {isa = PBXFileReference; lastKnownFileType = folder.assetcatalog; path = Assets.xcassets; sourceTree = "<group>"; };
		1F352E1D2BD77B9300BAA88B /* Base */ = {isa = PBXFileReference; lastKnownFileType = file.storyboard; name = Base; path = Base.lproj/LaunchScreen.storyboard; sourceTree = "<group>"; };
		1F352E1F2BD77B9300BAA88B /* Info.plist */ = {isa = PBXFileReference; lastKnownFileType = text.plist.xml; path = Info.plist; sourceTree = "<group>"; };
		1F352E242BD77B9300BAA88B /* ikidTests.xctest */ = {isa = PBXFileReference; explicitFileType = wrapper.cfbundle; includeInIndex = 0; path = ikidTests.xctest; sourceTree = BUILT_PRODUCTS_DIR; };
		1F352E282BD77B9300BAA88B /* ikidTests.swift */ = {isa = PBXFileReference; lastKnownFileType = sourcecode.swift; path = ikidTests.swift; sourceTree = "<group>"; };
		1F352E2E2BD77B9300BAA88B /* ikidUITests.xctest */ = {isa = PBXFileReference; explicitFileType = wrapper.cfbundle; includeInIndex = 0; path = ikidUITests.xctest; sourceTree = BUILT_PRODUCTS_DIR; };
		1F352E322BD77B9300BAA88B /* ikidUITests.swift */ = {isa = PBXFileReference; lastKnownFileType = sourcecode.swift; path = ikidUITests.swift; sourceTree = "<group>"; };
		1F352E342BD77B9300BAA88B /* ikidUITestsLaunchTests.swift */ = {isa = PBXFileReference; lastKnownFileType = sourcecode.swift; path = ikidUITestsLaunchTests.swift; sourceTree = "<group>"; };
/* End PBXFileReference section */

/* Begin PBXFrameworksBuildPhase section */
		1F352E0B2BD77B9200BAA88B /* Frameworks */ = {
			isa = PBXFrameworksBuildPhase;
			buildActionMask = 2147483647;
			files = (
			);
			runOnlyForDeploymentPostprocessing = 0;
		};
		1F352E212BD77B9300BAA88B /* Frameworks */ = {
			isa = PBXFrameworksBuildPhase;
			buildActionMask = 2147483647;
			files = (
			);
			runOnlyForDeploymentPostprocessing = 0;
		};
		1F352E2B2BD77B9300BAA88B /* Frameworks */ = {
			isa = PBXFrameworksBuildPhase;
			buildActionMask = 2147483647;
			files = (
			);
			runOnlyForDeploymentPostprocessing = 0;
		};
/* End PBXFrameworksBuildPhase section */

/* Begin PBXGroup section */
		1F352E052BD77B9200BAA88B = {
			isa = PBXGroup;
			children = (
				1F352E102BD77B9200BAA88B /* ikid */,
				1F352E272BD77B9300BAA88B /* ikidTests */,
				1F352E312BD77B9300BAA88B /* ikidUITests */,
				1F352E0F2BD77B9200BAA88B /* Products */,
			);
			sourceTree = "<group>";
		};
		1F352E0F2BD77B9200BAA88B /* Products */ = {
			isa = PBXGroup;
			children = (
				1F352E0E2BD77B9200BAA88B /* ikid.app */,
				1F352E242BD77B9300BAA88B /* ikidTests.xctest */,
				1F352E2E2BD77B9300BAA88B /* ikidUITests.xctest */,
			);
			name = Products;
			sourceTree = "<group>";
		};
		1F352E102BD77B9200BAA88B /* ikid */ = {
			isa = PBXGroup;
			children = (
				1F352E112BD77B9200BAA88B /* AppDelegate.swift */,
				1F352E132BD77B9200BAA88B /* SceneDelegate.swift */,
				1F352E152BD77B9200BAA88B /* ViewController.swift */,
				1F352E172BD77B9200BAA88B /* Main.storyboard */,
				1F352E1A2BD77B9300BAA88B /* Assets.xcassets */,
				1F352E1C2BD77B9300BAA88B /* LaunchScreen.storyboard */,
				1F352E1F2BD77B9300BAA88B /* Info.plist */,
			);
			path = ikid;
			sourceTree = "<group>";
		};
		1F352E272BD77B9300BAA88B /* ikidTests */ = {
			isa = PBXGroup;
			children = (
				1F352E282BD77B9300BAA88B /* ikidTests.swift */,
			);
			path = ikidTests;
			sourceTree = "<group>";
		};
		1F352E312BD77B9300BAA88B /* ikidUITests */ = {
			isa = PBXGroup;
			children = (
				1F352E322BD77B9300BAA88B /* ikidUITests.swift */,
				1F352E342BD77B9300BAA88B /* ikidUITestsLaunchTests.swift */,
			);
			path = ikidUITests;
			sourceTree = "<group>";
		};
/* End PBXGroup section */

/* Begin PBXNativeTarget section */
		1F352E0D2BD77B9200BAA88B /* ikid */ = {
			isa = PBXNativeTarget;
			buildConfigurationList = 1F352E382BD77B9300BAA88B /* Build configuration list for PBXNativeTarget "ikid" */;
			buildPhases = (
				1F352E0A2BD77B9200BAA88B /* Sources */,
				1F352E0B2BD77B9200BAA88B /* Frameworks */,
				1F352E0C2BD77B9200BAA88B /* Resources */,
			);
			buildRules = (
			);
			dependencies = (
			);
			name = ikid;
			productName = ikid;
			productReference = 1F352E0E2BD77B9200BAA88B /* ikid.app */;
			productType = "com.apple.product-type.application";
		};
		1F352E232BD77B9300BAA88B /* ikidTests */ = {
			isa = PBXNativeTarget;
			buildConfigurationList = 1F352E3B2BD77B9300BAA88B /* Build configuration list for PBXNativeTarget "ikidTests" */;
			buildPhases = (
				1F352E202BD77B9300BAA88B /* Sources */,
				1F352E212BD77B9300BAA88B /* Frameworks */,
				1F352E222BD77B9300BAA88B /* Resources */,
			);
			buildRules = (
			);
			dependencies = (
				1F352E262BD77B9300BAA88B /* PBXTargetDependency */,
			);
			name = ikidTests;
			productName = ikidTests;
			productReference = 1F352E242BD77B9300BAA88B /* ikidTests.xctest */;
			productType = "com.apple.product-type.bundle.unit-test";
		};
		1F352E2D2BD77B9300BAA88B /* ikidUITests */ = {
			isa = PBXNativeTarget;
			buildConfigurationList = 1F352E3E2BD77B9300BAA88B /* Build configuration list for PBXNativeTarget "ikidUITests" */;
			buildPhases = (
				1F352E2A2BD77B9300BAA88B /* Sources */,
				1F352E2B2BD77B9300BAA88B /* Frameworks */,
				1F352E2C2BD77B9300BAA88B /* Resources */,
			);
			buildRules = (
			);
			dependencies = (
				1F352E302BD77B9300BAA88B /* PBXTargetDependency */,
			);
			name = ikidUITests;
			productName = ikidUITests;
			productReference = 1F352E2E2BD77B9300BAA88B /* ikidUITests.xctest */;
			productType = "com.apple.product-type.bundle.ui-testing";
		};
/* End PBXNativeTarget section */

/* Begin PBXProject section */
		1F352E062BD77B9200BAA88B /* Project object */ = {
			isa = PBXProject;
			attributes = {
				BuildIndependentTargetsInParallel = 1;
				LastSwiftUpdateCheck = 1530;
				LastUpgradeCheck = 1530;
				TargetAttributes = {
					1F352E0D2BD77B9200BAA88B = {
						CreatedOnToolsVersion = 15.3;
					};
					1F352E232BD77B9300BAA88B = {
						CreatedOnToolsVersion = 15.3;
						TestTargetID = 1F352E0D2BD77B9200BAA88B;
					};
					1F352E2D2BD77B9300BAA88B = {
						CreatedOnToolsVersion = 15.3;
						TestTargetID = 1F352E0D2BD77B9200BAA88B;
					};
				};
			};
			buildConfigurationList = 1F352E092BD77B9200BAA88B /* Build configuration list for PBXProject "ikid" */;
			compatibilityVersion = "Xcode 14.0";
			developmentRegion = en;
			hasScannedForEncodings = 0;
			knownRegions = (
				en,
				Base,
			);
			mainGroup = 1F352E052BD77B9200BAA88B;
			productRefGroup = 1F352E0F2BD77B9200BAA88B /* Products */;
			projectDirPath = "";
			projectRoot = "";
			targets = (
				1F352E0D2BD77B9200BAA88B /* ikid */,
				1F352E232BD77B9300BAA88B /* ikidTests */,
				1F352E2D2BD77B9300BAA88B /* ikidUITests */,
			);
		};
/* End PBXProject section */

/* Begin PBXResourcesBuildPhase section */
		1F352E0C2BD77B9200BAA88B /* Resources */ = {
			isa = PBXResourcesBuildPhase;
			buildActionMask = 2147483647;
			files = (
				1F352E1B2BD77B9300BAA88B /* Assets.xcassets in Resources */,
				1F352E1E2BD77B9300BAA88B /* Base in Resources */,
				1F352E192BD77B9200BAA88B /* Base in Resources */,
			);
			runOnlyForDeploymentPostprocessing = 0;
		};
		1F352E222BD77B9300BAA88B /* Resources */ = {
			isa = PBXResourcesBuildPhase;
			buildActionMask = 2147483647;
			files = (
			);
			runOnlyForDeploymentPostprocessing = 0;
		};
		1F352E2C2BD77B9300BAA88B /* Resources */ = {
			isa = PBXResourcesBuildPhase;
			buildActionMask = 2147483647;
			files = (
			);
			runOnlyForDeploymentPostprocessing = 0;
		};
/* End PBXResourcesBuildPhase section */

/* Begin PBXSourcesBuildPhase section */
		1F352E0A2BD77B9200BAA88B /* Sources */ = {
			isa = PBXSourcesBuildPhase;
			buildActionMask = 2147483647;
			files = (
				1F352E162BD77B9200BAA88B /* ViewController.swift in Sources */,
				1F352E122BD77B9200BAA88B /* AppDelegate.swift in Sources */,
				1F352E142BD77B9200BAA88B /* SceneDelegate.swift in Sources */,
			);
			runOnlyForDeploymentPostprocessing = 0;
		};
		1F352E202BD77B9300BAA88B /* Sources */ = {
			isa = PBXSourcesBuildPhase;
			buildActionMask = 2147483647;
			files = (
				1F352E292BD77B9300BAA88B /* ikidTests.swift in Sources */,
			);
			runOnlyForDeploymentPostprocessing = 0;
		};
		1F352E2A2BD77B9300BAA88B /* Sources */ = {
			isa = PBXSourcesBuildPhase;
			buildActionMask = 2147483647;
			files = (
				1F352E332BD77B9300BAA88B /* ikidUITests.swift in Sources */,
				1F352E352BD77B9300BAA88B /* ikidUITestsLaunchTests.swift in Sources */,
			);
			runOnlyForDeploymentPostprocessing = 0;
		};
/* End PBXSourcesBuildPhase section */

/* Begin PBXTargetDependency section */
		1F352E262BD77B9300BAA88B /* PBXTargetDependency */ = {
			isa = PBXTargetDependency;
			target = 1F352E0D2BD77B9200BAA88B /* ikid */;
			targetProxy = 1F352E252BD77B9300BAA88B /* PBXContainerItemProxy */;
		};
		1F352E302BD77B9300BAA88B /* PBXTargetDependency */ = {
			isa = PBXTargetDependency;
			target = 1F352E0D2BD77B9200BAA88B /* ikid */;
			targetProxy = 1F352E2F2BD77B9300BAA88B /* PBXContainerItemProxy */;
		};
/* End PBXTargetDependency section */

/* Begin PBXVariantGroup section */
		1F352E172BD77B9200BAA88B /* Main.storyboard */ = {
			isa = PBXVariantGroup;
			children = (
				1F352E182BD77B9200BAA88B /* Base */,
			);
			name = Main.storyboard;
			sourceTree = "<group>";
		};
		1F352E1C2BD77B9300BAA88B /* LaunchScreen.storyboard */ = {
			isa = PBXVariantGroup;
			children = (
				1F352E1D2BD77B9300BAA88B /* Base */,
			);
			name = LaunchScreen.storyboard;
			sourceTree = "<group>";
		};
/* End PBXVariantGroup section */

/* Begin XCBuildConfiguration section */
		1F352E362BD77B9300BAA88B /* Debug */ = {
			isa = XCBuildConfiguration;
			buildSettings = {
				ALWAYS_SEARCH_USER_PATHS = NO;
				ASSETCATALOG_COMPILER_GENERATE_SWIFT_ASSET_SYMBOL_EXTENSIONS = YES;
				CLANG_ANALYZER_NONNULL = YES;
				CLANG_ANALYZER_NUMBER_OBJECT_CONVERSION = YES_AGGRESSIVE;
				CLANG_CXX_LANGUAGE_STANDARD = "gnu++20";
				CLANG_ENABLE_MODULES = YES;
				CLANG_ENABLE_OBJC_ARC = YES;
				CLANG_ENABLE_OBJC_WEAK = YES;
				CLANG_WARN_BLOCK_CAPTURE_AUTORELEASING = YES;
				CLANG_WARN_BOOL_CONVERSION = YES;
				CLANG_WARN_COMMA = YES;
				CLANG_WARN_CONSTANT_CONVERSION = YES;
				CLANG_WARN_DEPRECATED_OBJC_IMPLEMENTATIONS = YES;
				CLANG_WARN_DIRECT_OBJC_ISA_USAGE = YES_ERROR;
				CLANG_WARN_DOCUMENTATION_COMMENTS = YES;
				CLANG_WARN_EMPTY_BODY = YES;
				CLANG_WARN_ENUM_CONVERSION = YES;
				CLANG_WARN_INFINITE_RECURSION = YES;
				CLANG_WARN_INT_CONVERSION = YES;
				CLANG_WARN_NON_LITERAL_NULL_CONVERSION = YES;
				CLANG_WARN_OBJC_IMPLICIT_RETAIN_SELF = YES;
				CLANG_WARN_OBJC_LITERAL_CONVERSION = YES;
				CLANG_WARN_OBJC_ROOT_CLASS = YES_ERROR;
				CLANG_WARN_QUOTED_INCLUDE_IN_FRAMEWORK_HEADER = YES;
				CLANG_WARN_RANGE_LOOP_ANALYSIS = YES;
				CLANG_WARN_STRICT_PROTOTYPES = YES;
				CLANG_WARN_SUSPICIOUS_MOVE = YES;
				CLANG_WARN_UNGUARDED_AVAILABILITY = YES_AGGRESSIVE;
				CLANG_WARN_UNREACHABLE_CODE = YES;
				CLANG_WARN__DUPLICATE_METHOD_MATCH = YES;
				COPY_PHASE_STRIP = NO;
				DEBUG_INFORMATION_FORMAT = dwarf;
				ENABLE_STRICT_OBJC_MSGSEND = YES;
				ENABLE_TESTABILITY = YES;
				ENABLE_USER_SCRIPT_SANDBOXING = YES;
				GCC_C_LANGUAGE_STANDARD = gnu17;
				GCC_DYNAMIC_NO_PIC = NO;
				GCC_NO_COMMON_BLOCKS = YES;
				GCC_OPTIMIZATION_LEVEL = 0;
				GCC_PREPROCESSOR_DEFINITIONS = (
					"DEBUG=1",
					"$(inherited)",
				);
				GCC_WARN_64_TO_32_BIT_CONVERSION = YES;
				GCC_WARN_ABOUT_RETURN_TYPE = YES_ERROR;
				GCC_WARN_UNDECLARED_SELECTOR = YES;
				GCC_WARN_UNINITIALIZED_AUTOS = YES_AGGRESSIVE;
				GCC_WARN_UNUSED_FUNCTION = YES;
				GCC_WARN_UNUSED_VARIABLE = YES;
				IPHONEOS_DEPLOYMENT_TARGET = 17.4;
				LOCALIZATION_PREFERS_STRING_CATALOGS = YES;
				MTL_ENABLE_DEBUG_INFO = INCLUDE_SOURCE;
				MTL_FAST_MATH = YES;
				ONLY_ACTIVE_ARCH = YES;
				SDKROOT = iphoneos;
				SWIFT_ACTIVE_COMPILATION_CONDITIONS = "DEBUG $(inherited)";
				SWIFT_OPTIMIZATION_LEVEL = "-Onone";
			};
			name = Debug;
		};
		1F352E372BD77B9300BAA88B /* Release */ = {
			isa = XCBuildConfiguration;
			buildSettings = {
				ALWAYS_SEARCH_USER_PATHS = NO;
				ASSETCATALOG_COMPILER_GENERATE_SWIFT_ASSET_SYMBOL_EXTENSIONS = YES;
				CLANG_ANALYZER_NONNULL = YES;
				CLANG_ANALYZER_NUMBER_OBJECT_CONVERSION = YES_AGGRESSIVE;
				CLANG_CXX_LANGUAGE_STANDARD = "gnu++20";
				CLANG_ENABLE_MODULES = YES;
				CLANG_ENABLE_OBJC_ARC = YES;
				CLANG_ENABLE_OBJC_WEAK = YES;
				CLANG_WARN_BLOCK_CAPTURE_AUTORELEASING = YES;
				CLANG_WARN_BOOL_CONVERSION = YES;
				CLANG_WARN_COMMA = YES;
				CLANG_WARN_CONSTANT_CONVERSION = YES;
				CLANG_WARN_DEPRECATED_OBJC_IMPLEMENTATIONS = YES;
				CLANG_WARN_DIRECT_OBJC_ISA_USAGE = YES_ERROR;
				CLANG_WARN_DOCUMENTATION_COMMENTS = YES;
				CLANG_WARN_EMPTY_BODY = YES;
				CLANG_WARN_ENUM_CONVERSION = YES;
				CLANG_WARN_INFINITE_RECURSION = YES;
				CLANG_WARN_INT_CONVERSION = YES;
				CLANG_WARN_NON_LITERAL_NULL_CONVERSION = YES;
				CLANG_WARN_OBJC_IMPLICIT_RETAIN_SELF = YES;
				CLANG_WARN_OBJC_LITERAL_CONVERSION = YES;
				CLANG_WARN_OBJC_ROOT_CLASS = YES_ERROR;
				CLANG_WARN_QUOTED_INCLUDE_IN_FRAMEWORK_HEADER = YES;
				CLANG_WARN_RANGE_LOOP_ANALYSIS = YES;
				CLANG_WARN_STRICT_PROTOTYPES = YES;
				CLANG_WARN_SUSPICIOUS_MOVE = YES;
				CLANG_WARN_UNGUARDED_AVAILABILITY = YES_AGGRESSIVE;
				CLANG_WARN_UNREACHABLE_CODE = YES;
				CLANG_WARN__DUPLICATE_METHOD_MATCH = YES;
				COPY_PHASE_STRIP = NO;
				DEBUG_INFORMATION_FORMAT = "dwarf-with-dsym";
				ENABLE_NS_ASSERTIONS = NO;
				ENABLE_STRICT_OBJC_MSGSEND = YES;
				ENABLE_USER_SCRIPT_SANDBOXING = YES;
				GCC_C_LANGUAGE_STANDARD = gnu17;
				GCC_NO_COMMON_BLOCKS = YES;
				GCC_WARN_64_TO_32_BIT_CONVERSION = YES;
				GCC_WARN_ABOUT_RETURN_TYPE = YES_ERROR;
				GCC_WARN_UNDECLARED_SELECTOR = YES;
				GCC_WARN_UNINITIALIZED_AUTOS = YES_AGGRESSIVE;
				GCC_WARN_UNUSED_FUNCTION = YES;
				GCC_WARN_UNUSED_VARIABLE = YES;
				IPHONEOS_DEPLOYMENT_TARGET = 17.4;
				LOCALIZATION_PREFERS_STRING_CATALOGS = YES;
				MTL_ENABLE_DEBUG_INFO = NO;
				MTL_FAST_MATH = YES;
				SDKROOT = iphoneos;
				SWIFT_COMPILATION_MODE = wholemodule;
				VALIDATE_PRODUCT = YES;
			};
			name = Release;
		};
		1F352E392BD77B9300BAA88B /* Debug */ = {
			isa = XCBuildConfiguration;
			buildSettings = {
				ASSETCATALOG_COMPILER_APPICON_NAME = AppIcon;
				ASSETCATALOG_COMPILER_GLOBAL_ACCENT_COLOR_NAME = AccentColor;
				CODE_SIGN_STYLE = Automatic;
				CURRENT_PROJECT_VERSION = 1;
				DEVELOPMENT_TEAM = M8Q386HL4N;
				GENERATE_INFOPLIST_FILE = YES;
				INFOPLIST_FILE = ikid/Info.plist;
				INFOPLIST_KEY_UIApplicationSupportsIndirectInputEvents = YES;
				INFOPLIST_KEY_UILaunchStoryboardName = LaunchScreen;
				INFOPLIST_KEY_UIMainStoryboardFile = Main;
				INFOPLIST_KEY_UISupportedInterfaceOrientations_iPad = "UIInterfaceOrientationPortrait UIInterfaceOrientationPortraitUpsideDown UIInterfaceOrientationLandscapeLeft UIInterfaceOrientationLandscapeRight";
				INFOPLIST_KEY_UISupportedInterfaceOrientations_iPhone = "UIInterfaceOrientationPortrait UIInterfaceOrientationLandscapeLeft UIInterfaceOrientationLandscapeRight";
				LD_RUNPATH_SEARCH_PATHS = (
					"$(inherited)",
					"@executable_path/Frameworks",
				);
				MARKETING_VERSION = 1.0;
				PRODUCT_BUNDLE_IDENTIFIER = labram.ikid;
				PRODUCT_NAME = "$(TARGET_NAME)";
				SWIFT_EMIT_LOC_STRINGS = YES;
				SWIFT_VERSION = 5.0;
				TARGETED_DEVICE_FAMILY = "1,2";
			};
			name = Debug;
		};
		1F352E3A2BD77B9300BAA88B /* Release */ = {
			isa = XCBuildConfiguration;
			buildSettings = {
				ASSETCATALOG_COMPILER_APPICON_NAME = AppIcon;
				ASSETCATALOG_COMPILER_GLOBAL_ACCENT_COLOR_NAME = AccentColor;
				CODE_SIGN_STYLE = Automatic;
				CURRENT_PROJECT_VERSION = 1;
				DEVELOPMENT_TEAM = M8Q386HL4N;
				GENERATE_INFOPLIST_FILE = YES;
				INFOPLIST_FILE = ikid/Info.plist;
				INFOPLIST_KEY_UIApplicationSupportsIndirectInputEvents = YES;
				INFOPLIST_KEY_UILaunchStoryboardName = LaunchScreen;
				INFOPLIST_KEY_UIMainStoryboardFile = Main;
				INFOPLIST_KEY_UISupportedInterfaceOrientations_iPad = "UIInterfaceOrientationPortrait UIInterfaceOrientationPortraitUpsideDown UIInterfaceOrientationLandscapeLeft UIInterfaceOrientationLandscapeRight";
				INFOPLIST_KEY_UISupportedInterfaceOrientations_iPhone = "UIInterfaceOrientationPortrait UIInterfaceOrientationLandscapeLeft UIInterfaceOrientationLandscapeRight";
				LD_RUNPATH_SEARCH_PATHS = (
					"$(inherited)",
					"@executable_path/Frameworks",
				);
				MARKETING_VERSION = 1.0;
				PRODUCT_BUNDLE_IDENTIFIER = labram.ikid;
				PRODUCT_NAME = "$(TARGET_NAME)";
				SWIFT_EMIT_LOC_STRINGS = YES;
				SWIFT_VERSION = 5.0;
				TARGETED_DEVICE_FAMILY = "1,2";
			};
			name = Release;
		};
		1F352E3C2BD77B9300BAA88B /* Debug */ = {
			isa = XCBuildConfiguration;
			buildSettings = {
				ALWAYS_EMBED_SWIFT_STANDARD_LIBRARIES = YES;
				BUNDLE_LOADER = "$(TEST_HOST)";
				CODE_SIGN_STYLE = Automatic;
				CURRENT_PROJECT_VERSION = 1;
				DEVELOPMENT_TEAM = M8Q386HL4N;
				GENERATE_INFOPLIST_FILE = YES;
				IPHONEOS_DEPLOYMENT_TARGET = 17.4;
				MARKETING_VERSION = 1.0;
				PRODUCT_BUNDLE_IDENTIFIER = labram.ikidTests;
				PRODUCT_NAME = "$(TARGET_NAME)";
				SWIFT_EMIT_LOC_STRINGS = NO;
				SWIFT_VERSION = 5.0;
				TARGETED_DEVICE_FAMILY = "1,2";
				TEST_HOST = "$(BUILT_PRODUCTS_DIR)/ikid.app/$(BUNDLE_EXECUTABLE_FOLDER_PATH)/ikid";
			};
			name = Debug;
		};
		1F352E3D2BD77B9300BAA88B /* Release */ = {
			isa = XCBuildConfiguration;
			buildSettings = {
				ALWAYS_EMBED_SWIFT_STANDARD_LIBRARIES = YES;
				BUNDLE_LOADER = "$(TEST_HOST)";
				CODE_SIGN_STYLE = Automatic;
				CURRENT_PROJECT_VERSION = 1;
				DEVELOPMENT_TEAM = M8Q386HL4N;
				GENERATE_INFOPLIST_FILE = YES;
				IPHONEOS_DEPLOYMENT_TARGET = 17.4;
				MARKETING_VERSION = 1.0;
				PRODUCT_BUNDLE_IDENTIFIER = labram.ikidTests;
				PRODUCT_NAME = "$(TARGET_NAME)";
				SWIFT_EMIT_LOC_STRINGS = NO;
				SWIFT_VERSION = 5.0;
				TARGETED_DEVICE_FAMILY = "1,2";
				TEST_HOST = "$(BUILT_PRODUCTS_DIR)/ikid.app/$(BUNDLE_EXECUTABLE_FOLDER_PATH)/ikid";
			};
			name = Release;
		};
		1F352E3F2BD77B9300BAA88B /* Debug */ = {
			isa = XCBuildConfiguration;
			buildSettings = {
				ALWAYS_EMBED_SWIFT_STANDARD_LIBRARIES = YES;
				CODE_SIGN_STYLE = Automatic;
				CURRENT_PROJECT_VERSION = 1;
				DEVELOPMENT_TEAM = M8Q386HL4N;
				GENERATE_INFOPLIST_FILE = YES;
				MARKETING_VERSION = 1.0;
				PRODUCT_BUNDLE_IDENTIFIER = labram.ikidUITests;
				PRODUCT_NAME = "$(TARGET_NAME)";
				SWIFT_EMIT_LOC_STRINGS = NO;
				SWIFT_VERSION = 5.0;
				TARGETED_DEVICE_FAMILY = "1,2";
				TEST_TARGET_NAME = ikid;
			};
			name = Debug;
		};
		1F352E402BD77B9300BAA88B /* Release */ = {
			isa = XCBuildConfiguration;
			buildSettings = {
				ALWAYS_EMBED_SWIFT_STANDARD_LIBRARIES = YES;
				CODE_SIGN_STYLE = Automatic;
				CURRENT_PROJECT_VERSION = 1;
				DEVELOPMENT_TEAM = M8Q386HL4N;
				GENERATE_INFOPLIST_FILE = YES;
				MARKETING_VERSION = 1.0;
				PRODUCT_BUNDLE_IDENTIFIER = labram.ikidUITests;
				PRODUCT_NAME = "$(TARGET_NAME)";
				SWIFT_EMIT_LOC_STRINGS = NO;
				SWIFT_VERSION = 5.0;
				TARGETED_DEVICE_FAMILY = "1,2";
				TEST_TARGET_NAME = ikid;
			};
			name = Release;
		};
/* End XCBuildConfiguration section */

/* Begin XCConfigurationList section */
		1F352E092BD77B9200BAA88B /* Build configuration list for PBXProject "ikid" */ = {
			isa = XCConfigurationList;
			buildConfigurations = (
				1F352E362BD77B9300BAA88B /* Debug */,
				1F352E372BD77B9300BAA88B /* Release */,
			);
			defaultConfigurationIsVisible = 0;
			defaultConfigurationName = Release;
		};
		1F352E382BD77B9300BAA88B /* Build configuration list for PBXNativeTarget "ikid" */ = {
			isa = XCConfigurationList;
			buildConfigurations = (
				1F352E392BD77B9300BAA88B /* Debug */,
				1F352E3A2BD77B9300BAA88B /* Release */,
			);
			defaultConfigurationIsVisible = 0;
			defaultConfigurationName = Release;
		};
		1F352E3B2BD77B9300BAA88B /* Build configuration list for PBXNativeTarget "ikidTests" */ = {
			isa = XCConfigurationList;
			buildConfigurations = (
				1F352E3C2BD77B9300BAA88B /* Debug */,
				1F352E3D2BD77B9300BAA88B /* Release */,
			);
			defaultConfigurationIsVisible = 0;
			defaultConfigurationName = Release;
		};
		1F352E3E2BD77B9300BAA88B /* Build configuration list for PBXNativeTarget "ikidUITests" */ = {
			isa = XCConfigurationList;
			buildConfigurations = (
				1F352E3F2BD77B9300BAA88B /* Debug */,
				1F352E402BD77B9300BAA88B /* Release */,
			);
			defaultConfigurationIsVisible = 0;
			defaultConfigurationName = Release;
		};
/* End XCConfigurationList section */
	};
	rootObject = 1F352E062BD77B9200BAA88B /* Project object */;
}
